
Microsoft Visual Studio Solution File, Format Version 12.00
# Visual Studio Version 17
VisualStudioVersion = 17.6.33723.286
MinimumVisualStudioVersion = 10.0.40219.1
Project("{FAE04EC0-301F-11D3-BF4B-00C04F79EFBC}") = "catalogo-web", "catalogo-web\catalogo-web.csproj", "{ED4A4942-1541-413D-846B-2E60FC720070}"
EndProject
Project("{FAE04EC0-301F-11D3-BF4B-00C04F79EFBC}") = "dominio", "dominio\dominio.csproj", "{856F0EEA-0D85-4380-8A6E-1E55FFE9138A}"
EndProject
Project("{FAE04EC0-301F-11D3-BF4B-00C04F79EFBC}") = "negocio", "negocio\negocio.csproj", "{3EBD35A2-6C34-4A32-87D9-7901630C8A56}"
EndProject
Global
	GlobalSection(SolutionConfigurationPlatforms) = preSolution
		Debug|Any CPU = Debug|Any CPU
		Release|Any CPU = Release|Any CPU
	EndGlobalSection
	GlobalSection(ProjectConfigurationPlatforms) = postSolution
		{ED4A4942-1541-413D-846B-2E60FC720070}.Debug|Any CPU.ActiveCfg = Debug|Any CPU
		{ED4A4942-1541-413D-846B-2E60FC720070}.Debug|Any CPU.Build.0 = Debug|Any CPU
		{ED4A4942-1541-413D-846B-2E60FC720070}.Release|Any CPU.ActiveCfg = Release|Any CPU
		{ED4A4942-1541-413D-846B-2E60FC720070}.Release|Any CPU.Build.0 = Release|Any CPU
		{856F0EEA-0D85-4380-8A6E-1E55FFE9138A}.Debug|Any CPU.ActiveCfg = Debug|Any CPU
		{856F0EEA-0D85-4380-8A6E-1E55FFE9138A}.Debug|Any CPU.Build.0 = Debug|Any CPU
		{856F0EEA-0D85-4380-8A6E-1E55FFE9138A}.Release|Any CPU.ActiveCfg = Release|Any CPU
		{856F0EEA-0D85-4380-8A6E-1E55FFE9138A}.Release|Any CPU.Build.0 = Release|Any CPU
		{3EBD35A2-6C34-4A32-87D9-7901630C8A56}.Debug|Any CPU.ActiveCfg = Debug|Any CPU
		{3EBD35A2-6C34-4A32-87D9-7901630C8A56}.Debug|Any CPU.Build.0 = Debug|Any CPU
		{3EBD35A2-6C34-4A32-87D9-7901630C8A56}.Release|Any CPU.ActiveCfg = Release|Any CPU
		{3EBD35A2-6C34-4A32-87D9-7901630C8A56}.Release|Any CPU.Build.0 = Release|Any CPU
	EndGlobalSection
	GlobalSection(SolutionProperties) = preSolution
		HideSolutionNode = FALSE
	EndGlobalSection
	GlobalSection(ExtensibilityGlobals) = postSolution
		SolutionGuid = {5611732E-3F3A-42F6-BEDD-3F7A7D2AE482}
	EndGlobalSection
EndGlobal
